
Microsoft Visual Studio Solution File, Format Version 12.00
# Visual Studio Version 17
VisualStudioVersion = 17.4.33122.133
MinimumVisualStudioVersion = 10.0.40219.1
Project("{FAE04EC0-301F-11D3-BF4B-00C04F79EFBC}") = "VideoConverter", "VideoConverter\VideoConverter.csproj", "{44269414-8632-49FD-A86B-40DC3C798519}"
EndProject
Global
	GlobalSection(SolutionConfigurationPlatforms) = preSolution
		Debug|Any CPU = Debug|Any CPU
		Release|Any CPU = Release|Any CPU
	EndGlobalSection
	GlobalSection(ProjectConfigurationPlatforms) = postSolution
		{44269414-8632-49FD-A86B-40DC3C798519}.Debug|Any CPU.ActiveCfg = Debug|Any CPU
		{44269414-8632-49FD-A86B-40DC3C798519}.Debug|Any CPU.Build.0 = Debug|Any CPU
		{44269414-8632-49FD-A86B-40DC3C798519}.Release|Any CPU.ActiveCfg = Release|Any CPU
		{44269414-8632-49FD-A86B-40DC3C798519}.Release|Any CPU.Build.0 = Release|Any CPU
	EndGlobalSection
	GlobalSection(SolutionProperties) = preSolution
		HideSolutionNode = FALSE
	EndGlobalSection
	GlobalSection(ExtensibilityGlobals) = postSolution
		SolutionGuid = {440F4A1C-2DF1-453A-8B1F-FCD7DD984F20}
	EndGlobalSection
EndGlobal
